{
  "originHash" : "30082648f13de1f2f00c05bee18affb3a6304de0a148d0bca505957a6fc78525",
  "pins" : [
    {
      "identity" : "hotkey",
      "kind" : "remoteSourceControl",
      "location" : "https://github.com/soffes/HotKey",
      "state" : {
        "revision" : "a3cf605d7a96f6ff50e04fcb6dea6e2613cfcbe4",
        "version" : "0.2.1"
      }
    }
  ],
  "version" : 3
}
